
Microsoft Visual Studio Solution File, Format Version 12.00
# Visual Studio Version 17
VisualStudioVersion = 17.13.35825.156 d17.13
MinimumVisualStudioVersion = 10.0.40219.1
Project("{FAE04EC0-301F-11D3-BF4B-00C04F79EFBC}") = "Hospisim", "Hospisim\Hospisim.csproj", "{A0E5E80F-1922-4545-8AA3-49DA2B2A8FE3}"
EndProject
Global
	GlobalSection(SolutionConfigurationPlatforms) = preSolution
		Debug|Any CPU = Debug|Any CPU
		Release|Any CPU = Release|Any CPU
	EndGlobalSection
	GlobalSection(ProjectConfigurationPlatforms) = postSolution
		{A0E5E80F-1922-4545-8AA3-49DA2B2A8FE3}.Debug|Any CPU.ActiveCfg = Debug|Any CPU
		{A0E5E80F-1922-4545-8AA3-49DA2B2A8FE3}.Debug|Any CPU.Build.0 = Debug|Any CPU
		{A0E5E80F-1922-4545-8AA3-49DA2B2A8FE3}.Release|Any CPU.ActiveCfg = Release|Any CPU
		{A0E5E80F-1922-4545-8AA3-49DA2B2A8FE3}.Release|Any CPU.Build.0 = Release|Any CPU
	EndGlobalSection
	GlobalSection(SolutionProperties) = preSolution
		HideSolutionNode = FALSE
	EndGlobalSection
	GlobalSection(ExtensibilityGlobals) = postSolution
		SolutionGuid = {F53187C9-538B-4052-9BF5-9D3B98256D95}
	EndGlobalSection
EndGlobal
